// !$*UTF8*$!
{
	archiveVersion = 1;
	classes = {
	};
	objectVersion = 56;
	objects = {

/* Begin PBXBuildFile section */
		DBEEDD282CC6E56100754AE4 /* HomeView.swift in Sources */ = {isa = PBXBuildFile; fileRef = DBEEDD272CC6E56100754AE4 /* HomeView.swift */; };
		DBEEDD2B2CC6FB4100754AE4 /* SDWebImageSwiftUI in Frameworks */ = {isa = PBXBuildFile; productRef = DBEEDD2A2CC6FB4100754AE4 /* SDWebImageSwiftUI */; };
		DBEEDD362CC77BAE00754AE4 /* Font.swift in Sources */ = {isa = PBXBuildFile; fileRef = DBEEDD352CC77BAE00754AE4 /* Font.swift */; };
		DBEEDD372CC7804500754AE4 /* NetflixSans-Bold.otf in Resources */ = {isa = PBXBuildFile; fileRef = DBEEDD2E2CC7745800754AE4 /* NetflixSans-Bold.otf */; };
		DBEEDD392CC7804A00754AE4 /* NetflixSans-Medium.otf in Resources */ = {isa = PBXBuildFile; fileRef = DBEEDD2D2CC7745800754AE4 /* NetflixSans-Medium.otf */; };
		DBEEDD3A2CC7804D00754AE4 /* NetflixSans-Light.otf in Resources */ = {isa = PBXBuildFile; fileRef = DBEEDD2F2CC7745800754AE4 /* NetflixSans-Light.otf */; };
		DBEEDD3B2CC7805000754AE4 /* NetflixSans-Regular.otf in Resources */ = {isa = PBXBuildFile; fileRef = DBEEDD302CC7745800754AE4 /* NetflixSans-Regular.otf */; };
		DBEEDD3D2CC7832600754AE4 /* Text.swift in Sources */ = {isa = PBXBuildFile; fileRef = DBEEDD3C2CC7832600754AE4 /* Text.swift */; };
		DBEEDD3F2CC7852600754AE4 /* Color.swift in Sources */ = {isa = PBXBuildFile; fileRef = DBEEDD3E2CC7852600754AE4 /* Color.swift */; };
		DBEEDD442CC7901C00754AE4 /* CustomButton.swift in Sources */ = {isa = PBXBuildFile; fileRef = DBEEDD432CC7901C00754AE4 /* CustomButton.swift */; };
		DBEEDD462CC798DA00754AE4 /* MainTabView.swift in Sources */ = {isa = PBXBuildFile; fileRef = DBEEDD452CC798DA00754AE4 /* MainTabView.swift */; };
		DBEEDD482CC834F600754AE4 /* SearchView.swift in Sources */ = {isa = PBXBuildFile; fileRef = DBEEDD472CC834F600754AE4 /* SearchView.swift */; };
		DBEEDD4C2CC8411500754AE4 /* NewAndHotView.swift in Sources */ = {isa = PBXBuildFile; fileRef = DBEEDD4B2CC8411500754AE4 /* NewAndHotView.swift */; };
		DBEF09022CBC0682001FE58C /* NetflixApp.swift in Sources */ = {isa = PBXBuildFile; fileRef = DBEF09012CBC0682001FE58C /* NetflixApp.swift */; };
		DBEF09042CBC0682001FE58C /* ContentView.swift in Sources */ = {isa = PBXBuildFile; fileRef = DBEF09032CBC0682001FE58C /* ContentView.swift */; };
		DBEF09062CBC0683001FE58C /* Assets.xcassets in Resources */ = {isa = PBXBuildFile; fileRef = DBEF09052CBC0683001FE58C /* Assets.xcassets */; };
		DBEF09092CBC0683001FE58C /* Preview Assets.xcassets in Resources */ = {isa = PBXBuildFile; fileRef = DBEF09082CBC0683001FE58C /* Preview Assets.xcassets */; };
/* End PBXBuildFile section */

/* Begin PBXFileReference section */
		DBEEDD272CC6E56100754AE4 /* HomeView.swift */ = {isa = PBXFileReference; lastKnownFileType = sourcecode.swift; path = HomeView.swift; sourceTree = "<group>"; };
		DBEEDD2D2CC7745800754AE4 /* NetflixSans-Medium.otf */ = {isa = PBXFileReference; lastKnownFileType = file; path = "NetflixSans-Medium.otf"; sourceTree = "<group>"; };
		DBEEDD2E2CC7745800754AE4 /* NetflixSans-Bold.otf */ = {isa = PBXFileReference; lastKnownFileType = file; path = "NetflixSans-Bold.otf"; sourceTree = "<group>"; };
		DBEEDD2F2CC7745800754AE4 /* NetflixSans-Light.otf */ = {isa = PBXFileReference; lastKnownFileType = file; path = "NetflixSans-Light.otf"; sourceTree = "<group>"; };
		DBEEDD302CC7745800754AE4 /* NetflixSans-Regular.otf */ = {isa = PBXFileReference; lastKnownFileType = file; path = "NetflixSans-Regular.otf"; sourceTree = "<group>"; };
		DBEEDD312CC774AF00754AE4 /* Info.plist */ = {isa = PBXFileReference; lastKnownFileType = text.plist; path = Info.plist; sourceTree = "<group>"; };
		DBEEDD352CC77BAE00754AE4 /* Font.swift */ = {isa = PBXFileReference; lastKnownFileType = sourcecode.swift; path = Font.swift; sourceTree = "<group>"; };
		DBEEDD3C2CC7832600754AE4 /* Text.swift */ = {isa = PBXFileReference; lastKnownFileType = sourcecode.swift; path = Text.swift; sourceTree = "<group>"; };
		DBEEDD3E2CC7852600754AE4 /* Color.swift */ = {isa = PBXFileReference; lastKnownFileType = sourcecode.swift; path = Color.swift; sourceTree = "<group>"; };
		DBEEDD432CC7901C00754AE4 /* CustomButton.swift */ = {isa = PBXFileReference; lastKnownFileType = sourcecode.swift; path = CustomButton.swift; sourceTree = "<group>"; };
		DBEEDD452CC798DA00754AE4 /* MainTabView.swift */ = {isa = PBXFileReference; lastKnownFileType = sourcecode.swift; path = MainTabView.swift; sourceTree = "<group>"; };
		DBEEDD472CC834F600754AE4 /* SearchView.swift */ = {isa = PBXFileReference; lastKnownFileType = sourcecode.swift; path = SearchView.swift; sourceTree = "<group>"; };
		DBEEDD4B2CC8411500754AE4 /* NewAndHotView.swift */ = {isa = PBXFileReference; lastKnownFileType = sourcecode.swift; path = NewAndHotView.swift; sourceTree = "<group>"; };
		DBEF08FE2CBC0682001FE58C /* Netflix.app */ = {isa = PBXFileReference; explicitFileType = wrapper.application; includeInIndex = 0; path = Netflix.app; sourceTree = BUILT_PRODUCTS_DIR; };
		DBEF09012CBC0682001FE58C /* NetflixApp.swift */ = {isa = PBXFileReference; lastKnownFileType = sourcecode.swift; path = NetflixApp.swift; sourceTree = "<group>"; };
		DBEF09032CBC0682001FE58C /* ContentView.swift */ = {isa = PBXFileReference; lastKnownFileType = sourcecode.swift; path = ContentView.swift; sourceTree = "<group>"; };
		DBEF09052CBC0683001FE58C /* Assets.xcassets */ = {isa = PBXFileReference; lastKnownFileType = folder.assetcatalog; path = Assets.xcassets; sourceTree = "<group>"; };
		DBEF09082CBC0683001FE58C /* Preview Assets.xcassets */ = {isa = PBXFileReference; lastKnownFileType = folder.assetcatalog; path = "Preview Assets.xcassets"; sourceTree = "<group>"; };
/* End PBXFileReference section */

/* Begin PBXFrameworksBuildPhase section */
		DBEF08FB2CBC0682001FE58C /* Frameworks */ = {
			isa = PBXFrameworksBuildPhase;
			buildActionMask = 2147483647;
			files = (
				DBEEDD2B2CC6FB4100754AE4 /* SDWebImageSwiftUI in Frameworks */,
			);
			runOnlyForDeploymentPostprocessing = 0;
		};
/* End PBXFrameworksBuildPhase section */

/* Begin PBXGroup section */
		DBEEDD2C2CC773FE00754AE4 /* CustomFonts */ = {
			isa = PBXGroup;
			children = (
				DBEEDD2E2CC7745800754AE4 /* NetflixSans-Bold.otf */,
				DBEEDD2D2CC7745800754AE4 /* NetflixSans-Medium.otf */,
				DBEEDD2F2CC7745800754AE4 /* NetflixSans-Light.otf */,
				DBEEDD302CC7745800754AE4 /* NetflixSans-Regular.otf */,
			);
			path = CustomFonts;
			sourceTree = "<group>";
		};
		DBEEDD342CC77BA000754AE4 /* Extensions */ = {
			isa = PBXGroup;
			children = (
				DBEEDD352CC77BAE00754AE4 /* Font.swift */,
				DBEEDD3C2CC7832600754AE4 /* Text.swift */,
				DBEEDD3E2CC7852600754AE4 /* Color.swift */,
			);
			path = Extensions;
			sourceTree = "<group>";
		};
		DBEEDD402CC78EC600754AE4 /* Views */ = {
			isa = PBXGroup;
			children = (
				DBEEDD4A2CC8410500754AE4 /* NewAndHot */,
				DBEEDD492CC8350600754AE4 /* Search */,
				DBEEDD422CC7900800754AE4 /* Components */,
				DBEEDD412CC78ECE00754AE4 /* Home */,
			);
			path = Views;
			sourceTree = "<group>";
		};
		DBEEDD412CC78ECE00754AE4 /* Home */ = {
			isa = PBXGroup;
			children = (
				DBEEDD272CC6E56100754AE4 /* HomeView.swift */,
			);
			path = Home;
			sourceTree = "<group>";
		};
		DBEEDD422CC7900800754AE4 /* Components */ = {
			isa = PBXGroup;
			children = (
				DBEEDD432CC7901C00754AE4 /* CustomButton.swift */,
			);
			path = Components;
			sourceTree = "<group>";
		};
		DBEEDD492CC8350600754AE4 /* Search */ = {
			isa = PBXGroup;
			children = (
				DBEEDD472CC834F600754AE4 /* SearchView.swift */,
			);
			path = Search;
			sourceTree = "<group>";
		};
		DBEEDD4A2CC8410500754AE4 /* NewAndHot */ = {
			isa = PBXGroup;
			children = (
				DBEEDD4B2CC8411500754AE4 /* NewAndHotView.swift */,
			);
			path = NewAndHot;
			sourceTree = "<group>";
		};
		DBEF08F52CBC0682001FE58C = {
			isa = PBXGroup;
			children = (
				DBEF09002CBC0682001FE58C /* Netflix */,
				DBEF08FF2CBC0682001FE58C /* Products */,
			);
			sourceTree = "<group>";
		};
		DBEF08FF2CBC0682001FE58C /* Products */ = {
			isa = PBXGroup;
			children = (
				DBEF08FE2CBC0682001FE58C /* Netflix.app */,
			);
			name = Products;
			sourceTree = "<group>";
		};
		DBEF09002CBC0682001FE58C /* Netflix */ = {
			isa = PBXGroup;
			children = (
				DBEEDD402CC78EC600754AE4 /* Views */,
				DBEEDD342CC77BA000754AE4 /* Extensions */,
				DBEEDD312CC774AF00754AE4 /* Info.plist */,
				DBEEDD2C2CC773FE00754AE4 /* CustomFonts */,
				DBEF09012CBC0682001FE58C /* NetflixApp.swift */,
				DBEF09032CBC0682001FE58C /* ContentView.swift */,
				DBEF09052CBC0683001FE58C /* Assets.xcassets */,
				DBEF09072CBC0683001FE58C /* Preview Content */,
				DBEEDD452CC798DA00754AE4 /* MainTabView.swift */,
			);
			path = Netflix;
			sourceTree = "<group>";
		};
		DBEF09072CBC0683001FE58C /* Preview Content */ = {
			isa = PBXGroup;
			children = (
				DBEF09082CBC0683001FE58C /* Preview Assets.xcassets */,
			);
			path = "Preview Content";
			sourceTree = "<group>";
		};
/* End PBXGroup section */

/* Begin PBXNativeTarget section */
		DBEF08FD2CBC0682001FE58C /* Netflix */ = {
			isa = PBXNativeTarget;
			buildConfigurationList = DBEF090C2CBC0683001FE58C /* Build configuration list for PBXNativeTarget "Netflix" */;
			buildPhases = (
				DBEF08FA2CBC0682001FE58C /* Sources */,
				DBEF08FB2CBC0682001FE58C /* Frameworks */,
				DBEF08FC2CBC0682001FE58C /* Resources */,
			);
			buildRules = (
			);
			dependencies = (
			);
			name = Netflix;
			packageProductDependencies = (
				DBEEDD2A2CC6FB4100754AE4 /* SDWebImageSwiftUI */,
			);
			productName = Netflix;
			productReference = DBEF08FE2CBC0682001FE58C /* Netflix.app */;
			productType = "com.apple.product-type.application";
		};
/* End PBXNativeTarget section */

/* Begin PBXProject section */
		DBEF08F62CBC0682001FE58C /* Project object */ = {
			isa = PBXProject;
			attributes = {
				BuildIndependentTargetsInParallel = 1;
				LastSwiftUpdateCheck = 1540;
				LastUpgradeCheck = 1540;
				TargetAttributes = {
					DBEF08FD2CBC0682001FE58C = {
						CreatedOnToolsVersion = 15.4;
					};
				};
			};
			buildConfigurationList = DBEF08F92CBC0682001FE58C /* Build configuration list for PBXProject "Netflix" */;
			compatibilityVersion = "Xcode 14.0";
			developmentRegion = en;
			hasScannedForEncodings = 0;
			knownRegions = (
				en,
				Base,
			);
			mainGroup = DBEF08F52CBC0682001FE58C;
			packageReferences = (
				DBEEDD292CC6FB4100754AE4 /* XCRemoteSwiftPackageReference "SDWebImageSwiftUI" */,
			);
			productRefGroup = DBEF08FF2CBC0682001FE58C /* Products */;
			projectDirPath = "";
			projectRoot = "";
			targets = (
				DBEF08FD2CBC0682001FE58C /* Netflix */,
			);
		};
/* End PBXProject section */

/* Begin PBXResourcesBuildPhase section */
		DBEF08FC2CBC0682001FE58C /* Resources */ = {
			isa = PBXResourcesBuildPhase;
			buildActionMask = 2147483647;
			files = (
				DBEEDD372CC7804500754AE4 /* NetflixSans-Bold.otf in Resources */,
				DBEF09092CBC0683001FE58C /* Preview Assets.xcassets in Resources */,
				DBEEDD3B2CC7805000754AE4 /* NetflixSans-Regular.otf in Resources */,
				DBEF09062CBC0683001FE58C /* Assets.xcassets in Resources */,
				DBEEDD392CC7804A00754AE4 /* NetflixSans-Medium.otf in Resources */,
				DBEEDD3A2CC7804D00754AE4 /* NetflixSans-Light.otf in Resources */,
			);
			runOnlyForDeploymentPostprocessing = 0;
		};
/* End PBXResourcesBuildPhase section */

/* Begin PBXSourcesBuildPhase section */
		DBEF08FA2CBC0682001FE58C /* Sources */ = {
			isa = PBXSourcesBuildPhase;
			buildActionMask = 2147483647;
			files = (
				DBEEDD362CC77BAE00754AE4 /* Font.swift in Sources */,
				DBEEDD482CC834F600754AE4 /* SearchView.swift in Sources */,
				DBEEDD3D2CC7832600754AE4 /* Text.swift in Sources */,
				DBEEDD282CC6E56100754AE4 /* HomeView.swift in Sources */,
				DBEEDD462CC798DA00754AE4 /* MainTabView.swift in Sources */,
				DBEF09042CBC0682001FE58C /* ContentView.swift in Sources */,
				DBEEDD442CC7901C00754AE4 /* CustomButton.swift in Sources */,
				DBEEDD4C2CC8411500754AE4 /* NewAndHotView.swift in Sources */,
				DBEF09022CBC0682001FE58C /* NetflixApp.swift in Sources */,
				DBEEDD3F2CC7852600754AE4 /* Color.swift in Sources */,
			);
			runOnlyForDeploymentPostprocessing = 0;
		};
/* End PBXSourcesBuildPhase section */

/* Begin XCBuildConfiguration section */
		DBEF090A2CBC0683001FE58C /* Debug */ = {
			isa = XCBuildConfiguration;
			buildSettings = {
				ALWAYS_SEARCH_USER_PATHS = NO;
				ASSETCATALOG_COMPILER_GENERATE_SWIFT_ASSET_SYMBOL_EXTENSIONS = YES;
				CLANG_ANALYZER_NONNULL = YES;
				CLANG_ANALYZER_NUMBER_OBJECT_CONVERSION = YES_AGGRESSIVE;
				CLANG_CXX_LANGUAGE_STANDARD = "gnu++20";
				CLANG_ENABLE_MODULES = YES;
				CLANG_ENABLE_OBJC_ARC = YES;
				CLANG_ENABLE_OBJC_WEAK = YES;
				CLANG_WARN_BLOCK_CAPTURE_AUTORELEASING = YES;
				CLANG_WARN_BOOL_CONVERSION = YES;
				CLANG_WARN_COMMA = YES;
				CLANG_WARN_CONSTANT_CONVERSION = YES;
				CLANG_WARN_DEPRECATED_OBJC_IMPLEMENTATIONS = YES;
				CLANG_WARN_DIRECT_OBJC_ISA_USAGE = YES_ERROR;
				CLANG_WARN_DOCUMENTATION_COMMENTS = YES;
				CLANG_WARN_EMPTY_BODY = YES;
				CLANG_WARN_ENUM_CONVERSION = YES;
				CLANG_WARN_INFINITE_RECURSION = YES;
				CLANG_WARN_INT_CONVERSION = YES;
				CLANG_WARN_NON_LITERAL_NULL_CONVERSION = YES;
				CLANG_WARN_OBJC_IMPLICIT_RETAIN_SELF = YES;
				CLANG_WARN_OBJC_LITERAL_CONVERSION = YES;
				CLANG_WARN_OBJC_ROOT_CLASS = YES_ERROR;
				CLANG_WARN_QUOTED_INCLUDE_IN_FRAMEWORK_HEADER = YES;
				CLANG_WARN_RANGE_LOOP_ANALYSIS = YES;
				CLANG_WARN_STRICT_PROTOTYPES = YES;
				CLANG_WARN_SUSPICIOUS_MOVE = YES;
				CLANG_WARN_UNGUARDED_AVAILABILITY = YES_AGGRESSIVE;
				CLANG_WARN_UNREACHABLE_CODE = YES;
				CLANG_WARN__DUPLICATE_METHOD_MATCH = YES;
				COPY_PHASE_STRIP = NO;
				DEBUG_INFORMATION_FORMAT = dwarf;
				ENABLE_STRICT_OBJC_MSGSEND = YES;
				ENABLE_TESTABILITY = YES;
				ENABLE_USER_SCRIPT_SANDBOXING = YES;
				GCC_C_LANGUAGE_STANDARD = gnu17;
				GCC_DYNAMIC_NO_PIC = NO;
				GCC_NO_COMMON_BLOCKS = YES;
				GCC_OPTIMIZATION_LEVEL = 0;
				GCC_PREPROCESSOR_DEFINITIONS = (
					"DEBUG=1",
					"$(inherited)",
				);
				GCC_WARN_64_TO_32_BIT_CONVERSION = YES;
				GCC_WARN_ABOUT_RETURN_TYPE = YES_ERROR;
				GCC_WARN_UNDECLARED_SELECTOR = YES;
				GCC_WARN_UNINITIALIZED_AUTOS = YES_AGGRESSIVE;
				GCC_WARN_UNUSED_FUNCTION = YES;
				GCC_WARN_UNUSED_VARIABLE = YES;
				IPHONEOS_DEPLOYMENT_TARGET = 17.5;
				LOCALIZATION_PREFERS_STRING_CATALOGS = YES;
				MTL_ENABLE_DEBUG_INFO = INCLUDE_SOURCE;
				MTL_FAST_MATH = YES;
				ONLY_ACTIVE_ARCH = YES;
				SDKROOT = iphoneos;
				SWIFT_ACTIVE_COMPILATION_CONDITIONS = "DEBUG $(inherited)";
				SWIFT_OPTIMIZATION_LEVEL = "-Onone";
			};
			name = Debug;
		};
		DBEF090B2CBC0683001FE58C /* Release */ = {
			isa = XCBuildConfiguration;
			buildSettings = {
				ALWAYS_SEARCH_USER_PATHS = NO;
				ASSETCATALOG_COMPILER_GENERATE_SWIFT_ASSET_SYMBOL_EXTENSIONS = YES;
				CLANG_ANALYZER_NONNULL = YES;
				CLANG_ANALYZER_NUMBER_OBJECT_CONVERSION = YES_AGGRESSIVE;
				CLANG_CXX_LANGUAGE_STANDARD = "gnu++20";
				CLANG_ENABLE_MODULES = YES;
				CLANG_ENABLE_OBJC_ARC = YES;
				CLANG_ENABLE_OBJC_WEAK = YES;
				CLANG_WARN_BLOCK_CAPTURE_AUTORELEASING = YES;
				CLANG_WARN_BOOL_CONVERSION = YES;
				CLANG_WARN_COMMA = YES;
				CLANG_WARN_CONSTANT_CONVERSION = YES;
				CLANG_WARN_DEPRECATED_OBJC_IMPLEMENTATIONS = YES;
				CLANG_WARN_DIRECT_OBJC_ISA_USAGE = YES_ERROR;
				CLANG_WARN_DOCUMENTATION_COMMENTS = YES;
				CLANG_WARN_EMPTY_BODY = YES;
				CLANG_WARN_ENUM_CONVERSION = YES;
				CLANG_WARN_INFINITE_RECURSION = YES;
				CLANG_WARN_INT_CONVERSION = YES;
				CLANG_WARN_NON_LITERAL_NULL_CONVERSION = YES;
				CLANG_WARN_OBJC_IMPLICIT_RETAIN_SELF = YES;
				CLANG_WARN_OBJC_LITERAL_CONVERSION = YES;
				CLANG_WARN_OBJC_ROOT_CLASS = YES_ERROR;
				CLANG_WARN_QUOTED_INCLUDE_IN_FRAMEWORK_HEADER = YES;
				CLANG_WARN_RANGE_LOOP_ANALYSIS = YES;
				CLANG_WARN_STRICT_PROTOTYPES = YES;
				CLANG_WARN_SUSPICIOUS_MOVE = YES;
				CLANG_WARN_UNGUARDED_AVAILABILITY = YES_AGGRESSIVE;
				CLANG_WARN_UNREACHABLE_CODE = YES;
				CLANG_WARN__DUPLICATE_METHOD_MATCH = YES;
				COPY_PHASE_STRIP = NO;
				DEBUG_INFORMATION_FORMAT = "dwarf-with-dsym";
				ENABLE_NS_ASSERTIONS = NO;
				ENABLE_STRICT_OBJC_MSGSEND = YES;
				ENABLE_USER_SCRIPT_SANDBOXING = YES;
				GCC_C_LANGUAGE_STANDARD = gnu17;
				GCC_NO_COMMON_BLOCKS = YES;
				GCC_WARN_64_TO_32_BIT_CONVERSION = YES;
				GCC_WARN_ABOUT_RETURN_TYPE = YES_ERROR;
				GCC_WARN_UNDECLARED_SELECTOR = YES;
				GCC_WARN_UNINITIALIZED_AUTOS = YES_AGGRESSIVE;
				GCC_WARN_UNUSED_FUNCTION = YES;
				GCC_WARN_UNUSED_VARIABLE = YES;
				IPHONEOS_DEPLOYMENT_TARGET = 17.5;
				LOCALIZATION_PREFERS_STRING_CATALOGS = YES;
				MTL_ENABLE_DEBUG_INFO = NO;
				MTL_FAST_MATH = YES;
				SDKROOT = iphoneos;
				SWIFT_COMPILATION_MODE = wholemodule;
				VALIDATE_PRODUCT = YES;
			};
			name = Release;
		};
		DBEF090D2CBC0683001FE58C /* Debug */ = {
			isa = XCBuildConfiguration;
			buildSettings = {
				ASSETCATALOG_COMPILER_APPICON_NAME = AppIcon;
				ASSETCATALOG_COMPILER_GLOBAL_ACCENT_COLOR_NAME = AccentColor;
				CODE_SIGN_STYLE = Automatic;
				CURRENT_PROJECT_VERSION = 1;
				DEVELOPMENT_ASSET_PATHS = "\"Netflix/Preview Content\"";
				ENABLE_PREVIEWS = YES;
				GENERATE_INFOPLIST_FILE = YES;
				INFOPLIST_FILE = Netflix/Info.plist;
				INFOPLIST_KEY_UIApplicationSceneManifest_Generation = YES;
				INFOPLIST_KEY_UIApplicationSupportsIndirectInputEvents = YES;
				INFOPLIST_KEY_UILaunchScreen_Generation = YES;
				INFOPLIST_KEY_UISupportedInterfaceOrientations_iPad = "UIInterfaceOrientationPortrait UIInterfaceOrientationPortraitUpsideDown UIInterfaceOrientationLandscapeLeft UIInterfaceOrientationLandscapeRight";
				INFOPLIST_KEY_UISupportedInterfaceOrientations_iPhone = "UIInterfaceOrientationPortrait UIInterfaceOrientationLandscapeLeft UIInterfaceOrientationLandscapeRight";
				LD_RUNPATH_SEARCH_PATHS = (
					"$(inherited)",
					"@executable_path/Frameworks",
				);
				MARKETING_VERSION = 1.0;
				PRODUCT_BUNDLE_IDENTIFIER = np.com.shishirrijal.Netflix;
				PRODUCT_NAME = "$(TARGET_NAME)";
				SWIFT_EMIT_LOC_STRINGS = YES;
				SWIFT_VERSION = 5.0;
				TARGETED_DEVICE_FAMILY = "1,2";
			};
			name = Debug;
		};
		DBEF090E2CBC0683001FE58C /* Release */ = {
			isa = XCBuildConfiguration;
			buildSettings = {
				ASSETCATALOG_COMPILER_APPICON_NAME = AppIcon;
				ASSETCATALOG_COMPILER_GLOBAL_ACCENT_COLOR_NAME = AccentColor;
				CODE_SIGN_STYLE = Automatic;
				CURRENT_PROJECT_VERSION = 1;
				DEVELOPMENT_ASSET_PATHS = "\"Netflix/Preview Content\"";
				ENABLE_PREVIEWS = YES;
				GENERATE_INFOPLIST_FILE = YES;
				INFOPLIST_FILE = Netflix/Info.plist;
				INFOPLIST_KEY_UIApplicationSceneManifest_Generation = YES;
				INFOPLIST_KEY_UIApplicationSupportsIndirectInputEvents = YES;
				INFOPLIST_KEY_UILaunchScreen_Generation = YES;
				INFOPLIST_KEY_UISupportedInterfaceOrientations_iPad = "UIInterfaceOrientationPortrait UIInterfaceOrientationPortraitUpsideDown UIInterfaceOrientationLandscapeLeft UIInterfaceOrientationLandscapeRight";
				INFOPLIST_KEY_UISupportedInterfaceOrientations_iPhone = "UIInterfaceOrientationPortrait UIInterfaceOrientationLandscapeLeft UIInterfaceOrientationLandscapeRight";
				LD_RUNPATH_SEARCH_PATHS = (
					"$(inherited)",
					"@executable_path/Frameworks",
				);
				MARKETING_VERSION = 1.0;
				PRODUCT_BUNDLE_IDENTIFIER = np.com.shishirrijal.Netflix;
				PRODUCT_NAME = "$(TARGET_NAME)";
				SWIFT_EMIT_LOC_STRINGS = YES;
				SWIFT_VERSION = 5.0;
				TARGETED_DEVICE_FAMILY = "1,2";
			};
			name = Release;
		};
/* End XCBuildConfiguration section */

/* Begin XCConfigurationList section */
		DBEF08F92CBC0682001FE58C /* Build configuration list for PBXProject "Netflix" */ = {
			isa = XCConfigurationList;
			buildConfigurations = (
				DBEF090A2CBC0683001FE58C /* Debug */,
				DBEF090B2CBC0683001FE58C /* Release */,
			);
			defaultConfigurationIsVisible = 0;
			defaultConfigurationName = Release;
		};
		DBEF090C2CBC0683001FE58C /* Build configuration list for PBXNativeTarget "Netflix" */ = {
			isa = XCConfigurationList;
			buildConfigurations = (
				DBEF090D2CBC0683001FE58C /* Debug */,
				DBEF090E2CBC0683001FE58C /* Release */,
			);
			defaultConfigurationIsVisible = 0;
			defaultConfigurationName = Release;
		};
/* End XCConfigurationList section */

/* Begin XCRemoteSwiftPackageReference section */
		DBEEDD292CC6FB4100754AE4 /* XCRemoteSwiftPackageReference "SDWebImageSwiftUI" */ = {
			isa = XCRemoteSwiftPackageReference;
			repositoryURL = "https://github.com/SDWebImage/SDWebImageSwiftUI.git";
			requirement = {
				kind = upToNextMajorVersion;
				minimumVersion = 3.1.2;
			};
		};
/* End XCRemoteSwiftPackageReference section */

/* Begin XCSwiftPackageProductDependency section */
		DBEEDD2A2CC6FB4100754AE4 /* SDWebImageSwiftUI */ = {
			isa = XCSwiftPackageProductDependency;
			package = DBEEDD292CC6FB4100754AE4 /* XCRemoteSwiftPackageReference "SDWebImageSwiftUI" */;
			productName = SDWebImageSwiftUI;
		};
/* End XCSwiftPackageProductDependency section */
	};
	rootObject = DBEF08F62CBC0682001FE58C /* Project object */;
}
